
Microsoft Visual Studio Solution File, Format Version 12.00
# Visual Studio Version 16
VisualStudioVersion = 16.0.30225.117
MinimumVisualStudioVersion = 10.0.40219.1
Project("{FAE04EC0-301F-11D3-BF4B-00C04F79EFBC}") = "UngDung1", "UngDung1\UngDung1.csproj", "{289AED69-800E-45DA-A2F6-195329CCD68E}"
EndProject
Project("{FAE04EC0-301F-11D3-BF4B-00C04F79EFBC}") = "XacDinhChanLe", "XacDinhChanLe\XacDinhChanLe.csproj", "{24898142-124E-4BCC-8B9D-F43A4FDD2A81}"
EndProject
Project("{FAE04EC0-301F-11D3-BF4B-00C04F79EFBC}") = "PhuongTrinhBac1", "PhuongTrinhBac1\PhuongTrinhBac1.csproj", "{915D6968-3915-4CCF-9F13-006E6B53C60D}"
EndProject
Project("{FAE04EC0-301F-11D3-BF4B-00C04F79EFBC}") = "TimMaxMin", "TimMaxMin\TimMaxMin.csproj", "{CF3BF061-1131-4BC4-AD45-8F116EF88E0D}"
EndProject
Project("{FAE04EC0-301F-11D3-BF4B-00C04F79EFBC}") = "PhuongTrinhBac2", "PhuongTrinhBac2\PhuongTrinhBac2.csproj", "{07473DAF-56E6-4083-BE15-9FF728A4F1DD}"
EndProject
Project("{FAE04EC0-301F-11D3-BF4B-00C04F79EFBC}") = "XepLoaiHocLuc", "XepLoaiHocLuc\XepLoaiHocLuc.csproj", "{2BC89FB7-90F0-4267-A873-522C0840C40D}"
EndProject
Project("{FAE04EC0-301F-11D3-BF4B-00C04F79EFBC}") = "SuDungHam", "SuDungHam\SuDungHam.csproj", "{21342EFB-49C6-4159-9DAC-4F259B0C69F1}"
EndProject
Global
	GlobalSection(SolutionConfigurationPlatforms) = preSolution
		Debug|Any CPU = Debug|Any CPU
		Release|Any CPU = Release|Any CPU
	EndGlobalSection
	GlobalSection(ProjectConfigurationPlatforms) = postSolution
		{289AED69-800E-45DA-A2F6-195329CCD68E}.Debug|Any CPU.ActiveCfg = Debug|Any CPU
		{289AED69-800E-45DA-A2F6-195329CCD68E}.Debug|Any CPU.Build.0 = Debug|Any CPU
		{289AED69-800E-45DA-A2F6-195329CCD68E}.Release|Any CPU.ActiveCfg = Release|Any CPU
		{289AED69-800E-45DA-A2F6-195329CCD68E}.Release|Any CPU.Build.0 = Release|Any CPU
		{24898142-124E-4BCC-8B9D-F43A4FDD2A81}.Debug|Any CPU.ActiveCfg = Debug|Any CPU
		{24898142-124E-4BCC-8B9D-F43A4FDD2A81}.Debug|Any CPU.Build.0 = Debug|Any CPU
		{24898142-124E-4BCC-8B9D-F43A4FDD2A81}.Release|Any CPU.ActiveCfg = Release|Any CPU
		{24898142-124E-4BCC-8B9D-F43A4FDD2A81}.Release|Any CPU.Build.0 = Release|Any CPU
		{915D6968-3915-4CCF-9F13-006E6B53C60D}.Debug|Any CPU.ActiveCfg = Debug|Any CPU
		{915D6968-3915-4CCF-9F13-006E6B53C60D}.Debug|Any CPU.Build.0 = Debug|Any CPU
		{915D6968-3915-4CCF-9F13-006E6B53C60D}.Release|Any CPU.ActiveCfg = Release|Any CPU
		{915D6968-3915-4CCF-9F13-006E6B53C60D}.Release|Any CPU.Build.0 = Release|Any CPU
		{CF3BF061-1131-4BC4-AD45-8F116EF88E0D}.Debug|Any CPU.ActiveCfg = Debug|Any CPU
		{CF3BF061-1131-4BC4-AD45-8F116EF88E0D}.Debug|Any CPU.Build.0 = Debug|Any CPU
		{CF3BF061-1131-4BC4-AD45-8F116EF88E0D}.Release|Any CPU.ActiveCfg = Release|Any CPU
		{CF3BF061-1131-4BC4-AD45-8F116EF88E0D}.Release|Any CPU.Build.0 = Release|Any CPU
		{07473DAF-56E6-4083-BE15-9FF728A4F1DD}.Debug|Any CPU.ActiveCfg = Debug|Any CPU
		{07473DAF-56E6-4083-BE15-9FF728A4F1DD}.Debug|Any CPU.Build.0 = Debug|Any CPU
		{07473DAF-56E6-4083-BE15-9FF728A4F1DD}.Release|Any CPU.ActiveCfg = Release|Any CPU
		{07473DAF-56E6-4083-BE15-9FF728A4F1DD}.Release|Any CPU.Build.0 = Release|Any CPU
		{2BC89FB7-90F0-4267-A873-522C0840C40D}.Debug|Any CPU.ActiveCfg = Debug|Any CPU
		{2BC89FB7-90F0-4267-A873-522C0840C40D}.Debug|Any CPU.Build.0 = Debug|Any CPU
		{2BC89FB7-90F0-4267-A873-522C0840C40D}.Release|Any CPU.ActiveCfg = Release|Any CPU
		{2BC89FB7-90F0-4267-A873-522C0840C40D}.Release|Any CPU.Build.0 = Release|Any CPU
		{21342EFB-49C6-4159-9DAC-4F259B0C69F1}.Debug|Any CPU.ActiveCfg = Debug|Any CPU
		{21342EFB-49C6-4159-9DAC-4F259B0C69F1}.Debug|Any CPU.Build.0 = Debug|Any CPU
		{21342EFB-49C6-4159-9DAC-4F259B0C69F1}.Release|Any CPU.ActiveCfg = Release|Any CPU
		{21342EFB-49C6-4159-9DAC-4F259B0C69F1}.Release|Any CPU.Build.0 = Release|Any CPU
	EndGlobalSection
	GlobalSection(SolutionProperties) = preSolution
		HideSolutionNode = FALSE
	EndGlobalSection
	GlobalSection(ExtensibilityGlobals) = postSolution
		SolutionGuid = {9A8054CD-7F39-46BA-8751-02A1D87D43C1}
	EndGlobalSection
EndGlobal
